
Microsoft Visual Studio Solution File, Format Version 12.00
# Visual Studio Version 17
VisualStudioVersion = 17.6.33829.357
MinimumVisualStudioVersion = 10.0.40219.1
Project("{FAE04EC0-301F-11D3-BF4B-00C04F79EFBC}") = "FontManager", "FontManager.csproj", "{AAB14820-A8A4-49E0-9F57-048768A69D62}"
EndProject
Global
	GlobalSection(SolutionConfigurationPlatforms) = preSolution
		Debug|Any CPU = Debug|Any CPU
		Release|Any CPU = Release|Any CPU
	EndGlobalSection
	GlobalSection(ProjectConfigurationPlatforms) = postSolution
		{AAB14820-A8A4-49E0-9F57-048768A69D62}.Debug|Any CPU.ActiveCfg = Debug|Any CPU
		{AAB14820-A8A4-49E0-9F57-048768A69D62}.Debug|Any CPU.Build.0 = Debug|Any CPU
		{AAB14820-A8A4-49E0-9F57-048768A69D62}.Release|Any CPU.ActiveCfg = Release|Any CPU
		{AAB14820-A8A4-49E0-9F57-048768A69D62}.Release|Any CPU.Build.0 = Release|Any CPU
	EndGlobalSection
	GlobalSection(SolutionProperties) = preSolution
		HideSolutionNode = FALSE
	EndGlobalSection
	GlobalSection(ExtensibilityGlobals) = postSolution
		SolutionGuid = {471E988F-CD8F-484A-AE6E-45E2C8154F57}
	EndGlobalSection
EndGlobal
